
Microsoft Visual Studio Solution File, Format Version 12.00
# Visual Studio 2017
Project("{FAE04EC0-301F-11D3-BF4B-00C04F79EFBC}") = "Second_Steps", "Second_Steps.csproj", "{09E41554-E0AF-C687-1029-6D0B35455B1E}"
EndProject
Project("{FAE04EC0-301F-11D3-BF4B-00C04F79EFBC}") = "Second_Steps.Editor", "Second_Steps.Editor.csproj", "{16509ED2-FF9B-367B-7C0A-A81EE5CE06E8}"
EndProject
Global
	GlobalSection(SolutionConfigurationPlatforms) = preSolution
		Debug|Any CPU = Debug|Any CPU
		Release|Any CPU = Release|Any CPU
	EndGlobalSection
	GlobalSection(ProjectConfigurationPlatforms) = postSolution
		{09E41554-E0AF-C687-1029-6D0B35455B1E}.Debug|Any CPU.ActiveCfg = Debug|Any CPU
		{09E41554-E0AF-C687-1029-6D0B35455B1E}.Debug|Any CPU.Build.0 = Debug|Any CPU
		{09E41554-E0AF-C687-1029-6D0B35455B1E}.Release|Any CPU.ActiveCfg = Release|Any CPU
		{09E41554-E0AF-C687-1029-6D0B35455B1E}.Release|Any CPU.Build.0 = Release|Any CPU
		{16509ED2-FF9B-367B-7C0A-A81EE5CE06E8}.Debug|Any CPU.ActiveCfg = Debug|Any CPU
		{16509ED2-FF9B-367B-7C0A-A81EE5CE06E8}.Debug|Any CPU.Build.0 = Debug|Any CPU
		{16509ED2-FF9B-367B-7C0A-A81EE5CE06E8}.Release|Any CPU.ActiveCfg = Release|Any CPU
		{16509ED2-FF9B-367B-7C0A-A81EE5CE06E8}.Release|Any CPU.Build.0 = Release|Any CPU
	EndGlobalSection
	GlobalSection(SolutionProperties) = preSolution
		HideSolutionNode = FALSE
	EndGlobalSection
EndGlobal
